<?xml version="1.0" encoding="utf-8"?>
<Project ToolsVersion="4.0" xmlns="http://schemas.microsoft.com/developer/msbuild/2003">
  <ItemGroup>
    <Filter Include="소스 파일">
      <UniqueIdentifier>{4FC737F1-C7A5-4376-A066-2A32D752A2FF}</UniqueIdentifier>
      <Extensions>cpp;c;cc;cxx;c++;cppm;ixx;def;odl;idl;hpj;bat;asm;asmx</Extensions>
    </Filter>
    <Filter Include="헤더 파일">
      <UniqueIdentifier>{93995380-89BD-4b04-88EB-625FBE52EBFB}</UniqueIdentifier>
      <Extensions>h;hh;hpp;hxx;h++;hm;inl;inc;ipp;xsd</Extensions>
    </Filter>
    <Filter Include="리소스 파일">
      <UniqueIdentifier>{67DA6AB6-F800-4c08-8B7A-83BB121AAD01}</UniqueIdentifier>
      <Extensions>rc;ico;cur;bmp;dlg;rc2;rct;bin;rgs;gif;jpg;jpeg;jpe;resx;tiff;tif;png;wav;mfcribbon-ms</Extensions>
    </Filter>
    <Filter Include="소스 파일\03자료구조">
      <UniqueIdentifier>{2991c7a3-8c3a-4fe9-b07d-287b28c013bb}</UniqueIdentifier>
    </Filter>
    <Filter Include="소스 파일\04정렬">
      <UniqueIdentifier>{ef237a16-2772-41e1-8b61-21764865e659}</UniqueIdentifier>
    </Filter>
    <Filter Include="소스 파일\05탐색">
      <UniqueIdentifier>{fc733568-9f66-414d-9c1d-86116a405e6a}</UniqueIdentifier>
    </Filter>
    <Filter Include="소스 파일\06그리디">
      <UniqueIdentifier>{b895f018-987a-47c1-ae1b-ae51b185ae0f}</UniqueIdentifier>
    </Filter>
    <Filter Include="소스 파일\07정수론">
      <UniqueIdentifier>{274de0f6-d4ca-4a5b-a365-ee17f64a75e7}</UniqueIdentifier>
    </Filter>
    <Filter Include="소스 파일\08그래프">
      <UniqueIdentifier>{2dc62bf6-01d3-45a2-8243-0e40f89d8836}</UniqueIdentifier>
    </Filter>
    <Filter Include="소스 파일\09트리">
      <UniqueIdentifier>{d020aa5a-5bef-48ad-896c-2aefc7fab904}</UniqueIdentifier>
    </Filter>
    <Filter Include="소스 파일\10조합">
      <UniqueIdentifier>{0780d3b9-83d0-431b-976e-41f250d4c9f7}</UniqueIdentifier>
    </Filter>
    <Filter Include="소스 파일\11동적계획법">
      <UniqueIdentifier>{5bbd60ad-beea-42fa-93a4-cab86f26cc86}</UniqueIdentifier>
    </Filter>
    <Filter Include="소스 파일\12기하">
      <UniqueIdentifier>{64f5f031-ff7e-44b6-a051-c26b3f7fec74}</UniqueIdentifier>
    </Filter>
  </ItemGroup>
  <ItemGroup>
    <ClCompile Include="p001.cpp">
      <Filter>소스 파일\03자료구조</Filter>
    </ClCompile>
    <ClCompile Include="p046.cpp">
      <Filter>소스 파일\08그래프</Filter>
    </ClCompile>
    <ClCompile Include="p067.cpp">
      <Filter>소스 파일\09트리</Filter>
    </ClCompile>
    <ClCompile Include="p047.cpp">
      <Filter>소스 파일\08그래프</Filter>
    </ClCompile>
    <ClCompile Include="p068.cpp">
      <Filter>소스 파일\09트리</Filter>
    </ClCompile>
    <ClCompile Include="p048.cpp">
      <Filter>소스 파일\08그래프</Filter>
    </ClCompile>
    <ClCompile Include="p049.cpp">
      <Filter>소스 파일\08그래프</Filter>
    </ClCompile>
    <ClCompile Include="p058.cpp">
      <Filter>소스 파일\08그래프</Filter>
    </ClCompile>
    <ClCompile Include="p002.cpp">
      <Filter>소스 파일\03자료구조</Filter>
    </ClCompile>
    <ClCompile Include="p003.cpp">
      <Filter>소스 파일\03자료구조</Filter>
    </ClCompile>
    <ClCompile Include="p004.cpp">
      <Filter>소스 파일\03자료구조</Filter>
    </ClCompile>
    <ClCompile Include="p005.cpp">
      <Filter>소스 파일\03자료구조</Filter>
    </ClCompile>
    <ClCompile Include="p006.cpp">
      <Filter>소스 파일\03자료구조</Filter>
    </ClCompile>
    <ClCompile Include="p007.cpp">
      <Filter>소스 파일\03자료구조</Filter>
    </ClCompile>
  </ItemGroup>
</Project>